
Microsoft Visual Studio Solution File, Format Version 12.00
# Visual Studio 2013
VisualStudioVersion = 12.0.31101.0
MinimumVisualStudioVersion = 10.0.40219.1
Project("{FAE04EC0-301F-11D3-BF4B-00C04F79EFBC}") = "RectAndJaggedArray", "..\..\RectAndJaggedArray\RectAndJaggedArray.csproj", "{D67E5AD6-FFB9-4C12-8E98-5DED021F6408}"
EndProject
Project("{FAE04EC0-301F-11D3-BF4B-00C04F79EFBC}") = "CSList", "CSList\CSList.csproj", "{316722FC-1272-4183-AA8A-AA3B106A7093}"
EndProject
Project("{FAE04EC0-301F-11D3-BF4B-00C04F79EFBC}") = "SubstringMethods", "SubstringMethods\SubstringMethods.csproj", "{9D543C35-9AC0-43B2-88D3-62C6239865E9}"
EndProject
Project("{FAE04EC0-301F-11D3-BF4B-00C04F79EFBC}") = "StrModConcat", "StrModConcat\StrModConcat.csproj", "{055BBDFA-08C1-4C9A-91C8-F6AE9C44AE24}"
EndProject
Project("{FAE04EC0-301F-11D3-BF4B-00C04F79EFBC}") = "Enumerations", "Enumerations\Enumerations.csproj", "{D0CB6FB1-BBC1-42E2-BA5C-EE621575B89D}"
EndProject
Global
	GlobalSection(SolutionConfigurationPlatforms) = preSolution
		Debug|Any CPU = Debug|Any CPU
		Release|Any CPU = Release|Any CPU
	EndGlobalSection
	GlobalSection(ProjectConfigurationPlatforms) = postSolution
		{D67E5AD6-FFB9-4C12-8E98-5DED021F6408}.Debug|Any CPU.ActiveCfg = Debug|Any CPU
		{D67E5AD6-FFB9-4C12-8E98-5DED021F6408}.Debug|Any CPU.Build.0 = Debug|Any CPU
		{D67E5AD6-FFB9-4C12-8E98-5DED021F6408}.Release|Any CPU.ActiveCfg = Release|Any CPU
		{D67E5AD6-FFB9-4C12-8E98-5DED021F6408}.Release|Any CPU.Build.0 = Release|Any CPU
		{316722FC-1272-4183-AA8A-AA3B106A7093}.Debug|Any CPU.ActiveCfg = Debug|Any CPU
		{316722FC-1272-4183-AA8A-AA3B106A7093}.Debug|Any CPU.Build.0 = Debug|Any CPU
		{316722FC-1272-4183-AA8A-AA3B106A7093}.Release|Any CPU.ActiveCfg = Release|Any CPU
		{316722FC-1272-4183-AA8A-AA3B106A7093}.Release|Any CPU.Build.0 = Release|Any CPU
		{9D543C35-9AC0-43B2-88D3-62C6239865E9}.Debug|Any CPU.ActiveCfg = Debug|Any CPU
		{9D543C35-9AC0-43B2-88D3-62C6239865E9}.Debug|Any CPU.Build.0 = Debug|Any CPU
		{9D543C35-9AC0-43B2-88D3-62C6239865E9}.Release|Any CPU.ActiveCfg = Release|Any CPU
		{9D543C35-9AC0-43B2-88D3-62C6239865E9}.Release|Any CPU.Build.0 = Release|Any CPU
		{055BBDFA-08C1-4C9A-91C8-F6AE9C44AE24}.Debug|Any CPU.ActiveCfg = Debug|Any CPU
		{055BBDFA-08C1-4C9A-91C8-F6AE9C44AE24}.Debug|Any CPU.Build.0 = Debug|Any CPU
		{055BBDFA-08C1-4C9A-91C8-F6AE9C44AE24}.Release|Any CPU.ActiveCfg = Release|Any CPU
		{055BBDFA-08C1-4C9A-91C8-F6AE9C44AE24}.Release|Any CPU.Build.0 = Release|Any CPU
		{D0CB6FB1-BBC1-42E2-BA5C-EE621575B89D}.Debug|Any CPU.ActiveCfg = Debug|Any CPU
		{D0CB6FB1-BBC1-42E2-BA5C-EE621575B89D}.Debug|Any CPU.Build.0 = Debug|Any CPU
		{D0CB6FB1-BBC1-42E2-BA5C-EE621575B89D}.Release|Any CPU.ActiveCfg = Release|Any CPU
		{D0CB6FB1-BBC1-42E2-BA5C-EE621575B89D}.Release|Any CPU.Build.0 = Release|Any CPU
	EndGlobalSection
	GlobalSection(SolutionProperties) = preSolution
		HideSolutionNode = FALSE
	EndGlobalSection
EndGlobal
