
Microsoft Visual Studio Solution File, Format Version 12.00
# Visual Studio 2012
Project("{FAE04EC0-301F-11D3-BF4B-00C04F79EFBC}") = "PopulationData", "PopulationData\PopulationData.csproj", "{5A709B98-2188-44D0-809A-E824251B7B34}"
EndProject
Project("{FAE04EC0-301F-11D3-BF4B-00C04F79EFBC}") = "RectAndJaggedArray", "..\RectAndJaggedArray\RectAndJaggedArray.csproj", "{D67E5AD6-FFB9-4C12-8E98-5DED021F6408}"
EndProject
Global
	GlobalSection(SolutionConfigurationPlatforms) = preSolution
		Debug|Any CPU = Debug|Any CPU
		Release|Any CPU = Release|Any CPU
	EndGlobalSection
	GlobalSection(ProjectConfigurationPlatforms) = postSolution
		{5A709B98-2188-44D0-809A-E824251B7B34}.Debug|Any CPU.ActiveCfg = Debug|Any CPU
		{5A709B98-2188-44D0-809A-E824251B7B34}.Debug|Any CPU.Build.0 = Debug|Any CPU
		{5A709B98-2188-44D0-809A-E824251B7B34}.Release|Any CPU.ActiveCfg = Release|Any CPU
		{5A709B98-2188-44D0-809A-E824251B7B34}.Release|Any CPU.Build.0 = Release|Any CPU
		{D67E5AD6-FFB9-4C12-8E98-5DED021F6408}.Debug|Any CPU.ActiveCfg = Debug|Any CPU
		{D67E5AD6-FFB9-4C12-8E98-5DED021F6408}.Debug|Any CPU.Build.0 = Debug|Any CPU
		{D67E5AD6-FFB9-4C12-8E98-5DED021F6408}.Release|Any CPU.ActiveCfg = Release|Any CPU
		{D67E5AD6-FFB9-4C12-8E98-5DED021F6408}.Release|Any CPU.Build.0 = Release|Any CPU
	EndGlobalSection
	GlobalSection(SolutionProperties) = preSolution
		HideSolutionNode = FALSE
	EndGlobalSection
EndGlobal
